
Microsoft Visual Studio Solution File, Format Version 12.00
# Visual Studio Version 16
VisualStudioVersion = 16.0.32106.194
MinimumVisualStudioVersion = 10.0.40219.1
Project("{FAE04EC0-301F-11D3-BF4B-00C04F79EFBC}") = "MVC_EF_CORE", "MVC_EF_CORE\MVC_EF_CORE.csproj", "{93F06D4B-BFDD-49C6-905B-489DCC7A62C7}"
EndProject
Global
	GlobalSection(SolutionConfigurationPlatforms) = preSolution
		Debug|Any CPU = Debug|Any CPU
		Release|Any CPU = Release|Any CPU
	EndGlobalSection
	GlobalSection(ProjectConfigurationPlatforms) = postSolution
		{93F06D4B-BFDD-49C6-905B-489DCC7A62C7}.Debug|Any CPU.ActiveCfg = Debug|Any CPU
		{93F06D4B-BFDD-49C6-905B-489DCC7A62C7}.Debug|Any CPU.Build.0 = Debug|Any CPU
		{93F06D4B-BFDD-49C6-905B-489DCC7A62C7}.Release|Any CPU.ActiveCfg = Release|Any CPU
		{93F06D4B-BFDD-49C6-905B-489DCC7A62C7}.Release|Any CPU.Build.0 = Release|Any CPU
	EndGlobalSection
	GlobalSection(SolutionProperties) = preSolution
		HideSolutionNode = FALSE
	EndGlobalSection
	GlobalSection(ExtensibilityGlobals) = postSolution
		SolutionGuid = {527959E7-923F-4A5A-B66D-DF3123E56748}
	EndGlobalSection
EndGlobal
