
Microsoft Visual Studio Solution File, Format Version 12.00
# Visual Studio Version 16
VisualStudioVersion = 16.0.31321.278
MinimumVisualStudioVersion = 10.0.40219.1
Project("{FAE04EC0-301F-11D3-BF4B-00C04F79EFBC}") = "Cordenadas", "Cordenadas\Cordenadas.csproj", "{0BBBD2ED-03C4-47E9-B029-60AA9DAF7D9C}"
EndProject
Global
	GlobalSection(SolutionConfigurationPlatforms) = preSolution
		Debug|Any CPU = Debug|Any CPU
		Release|Any CPU = Release|Any CPU
	EndGlobalSection
	GlobalSection(ProjectConfigurationPlatforms) = postSolution
		{0BBBD2ED-03C4-47E9-B029-60AA9DAF7D9C}.Debug|Any CPU.ActiveCfg = Debug|Any CPU
		{0BBBD2ED-03C4-47E9-B029-60AA9DAF7D9C}.Debug|Any CPU.Build.0 = Debug|Any CPU
		{0BBBD2ED-03C4-47E9-B029-60AA9DAF7D9C}.Release|Any CPU.ActiveCfg = Release|Any CPU
		{0BBBD2ED-03C4-47E9-B029-60AA9DAF7D9C}.Release|Any CPU.Build.0 = Release|Any CPU
	EndGlobalSection
	GlobalSection(SolutionProperties) = preSolution
		HideSolutionNode = FALSE
	EndGlobalSection
	GlobalSection(ExtensibilityGlobals) = postSolution
		SolutionGuid = {2032173D-B99C-4CCD-988B-B1BB90E7095B}
	EndGlobalSection
EndGlobal
