
Microsoft Visual Studio Solution File, Format Version 12.00
# Visual Studio Version 16
VisualStudioVersion = 16.0.31321.278
MinimumVisualStudioVersion = 10.0.40219.1
Project("{FAE04EC0-301F-11D3-BF4B-00C04F79EFBC}") = "Vetor Dif e Soma", "Vetor Dif e Soma\Vetor Dif e Soma.csproj", "{BD17CA7C-7564-46F3-9400-05482C39854F}"
EndProject
Global
	GlobalSection(SolutionConfigurationPlatforms) = preSolution
		Debug|Any CPU = Debug|Any CPU
		Release|Any CPU = Release|Any CPU
	EndGlobalSection
	GlobalSection(ProjectConfigurationPlatforms) = postSolution
		{BD17CA7C-7564-46F3-9400-05482C39854F}.Debug|Any CPU.ActiveCfg = Debug|Any CPU
		{BD17CA7C-7564-46F3-9400-05482C39854F}.Debug|Any CPU.Build.0 = Debug|Any CPU
		{BD17CA7C-7564-46F3-9400-05482C39854F}.Release|Any CPU.ActiveCfg = Release|Any CPU
		{BD17CA7C-7564-46F3-9400-05482C39854F}.Release|Any CPU.Build.0 = Release|Any CPU
	EndGlobalSection
	GlobalSection(SolutionProperties) = preSolution
		HideSolutionNode = FALSE
	EndGlobalSection
	GlobalSection(ExtensibilityGlobals) = postSolution
		SolutionGuid = {D647E10B-7FD4-4410-8BB5-B9E5F23E2657}
	EndGlobalSection
EndGlobal
