
Microsoft Visual Studio Solution File, Format Version 12.00
# Visual Studio Version 16
VisualStudioVersion = 16.0.32106.194
MinimumVisualStudioVersion = 10.0.40219.1
Project("{FAE04EC0-301F-11D3-BF4B-00C04F79EFBC}") = "Mvc_BO", "Mvc_BO\Mvc_BO.csproj", "{B472AB10-B15D-4366-A5D8-A6A6755B2FD6}"
EndProject
Global
	GlobalSection(SolutionConfigurationPlatforms) = preSolution
		Debug|Any CPU = Debug|Any CPU
		Release|Any CPU = Release|Any CPU
	EndGlobalSection
	GlobalSection(ProjectConfigurationPlatforms) = postSolution
		{B472AB10-B15D-4366-A5D8-A6A6755B2FD6}.Debug|Any CPU.ActiveCfg = Debug|Any CPU
		{B472AB10-B15D-4366-A5D8-A6A6755B2FD6}.Debug|Any CPU.Build.0 = Debug|Any CPU
		{B472AB10-B15D-4366-A5D8-A6A6755B2FD6}.Release|Any CPU.ActiveCfg = Release|Any CPU
		{B472AB10-B15D-4366-A5D8-A6A6755B2FD6}.Release|Any CPU.Build.0 = Release|Any CPU
	EndGlobalSection
	GlobalSection(SolutionProperties) = preSolution
		HideSolutionNode = FALSE
	EndGlobalSection
	GlobalSection(ExtensibilityGlobals) = postSolution
		SolutionGuid = {11E19991-4121-4EC9-B1D8-2A03D2B6126E}
	EndGlobalSection
EndGlobal
