
Microsoft Visual Studio Solution File, Format Version 12.00
# Visual Studio Version 16
VisualStudioVersion = 16.0.31321.278
MinimumVisualStudioVersion = 10.0.40219.1
Project("{FAE04EC0-301F-11D3-BF4B-00C04F79EFBC}") = "Vetor Salarios Reajuste", "Vetor Salarios Reajuste\Vetor Salarios Reajuste.csproj", "{1C977A4A-7597-4855-AA1E-6D5362FE1BEF}"
EndProject
Global
	GlobalSection(SolutionConfigurationPlatforms) = preSolution
		Debug|Any CPU = Debug|Any CPU
		Release|Any CPU = Release|Any CPU
	EndGlobalSection
	GlobalSection(ProjectConfigurationPlatforms) = postSolution
		{1C977A4A-7597-4855-AA1E-6D5362FE1BEF}.Debug|Any CPU.ActiveCfg = Debug|Any CPU
		{1C977A4A-7597-4855-AA1E-6D5362FE1BEF}.Debug|Any CPU.Build.0 = Debug|Any CPU
		{1C977A4A-7597-4855-AA1E-6D5362FE1BEF}.Release|Any CPU.ActiveCfg = Release|Any CPU
		{1C977A4A-7597-4855-AA1E-6D5362FE1BEF}.Release|Any CPU.Build.0 = Release|Any CPU
	EndGlobalSection
	GlobalSection(SolutionProperties) = preSolution
		HideSolutionNode = FALSE
	EndGlobalSection
	GlobalSection(ExtensibilityGlobals) = postSolution
		SolutionGuid = {E921B770-23DE-4CA0-B312-46214FFB0E58}
	EndGlobalSection
EndGlobal
