
Microsoft Visual Studio Solution File, Format Version 12.00
# Visual Studio Version 16
VisualStudioVersion = 16.0.31321.278
MinimumVisualStudioVersion = 10.0.40219.1
Project("{FAE04EC0-301F-11D3-BF4B-00C04F79EFBC}") = "Vetor Soma e Menor", "Vetor Soma e Menor\Vetor Soma e Menor.csproj", "{8B8390F7-9634-4CB2-8F07-9EFCAB2BF666}"
EndProject
Global
	GlobalSection(SolutionConfigurationPlatforms) = preSolution
		Debug|Any CPU = Debug|Any CPU
		Release|Any CPU = Release|Any CPU
	EndGlobalSection
	GlobalSection(ProjectConfigurationPlatforms) = postSolution
		{8B8390F7-9634-4CB2-8F07-9EFCAB2BF666}.Debug|Any CPU.ActiveCfg = Debug|Any CPU
		{8B8390F7-9634-4CB2-8F07-9EFCAB2BF666}.Debug|Any CPU.Build.0 = Debug|Any CPU
		{8B8390F7-9634-4CB2-8F07-9EFCAB2BF666}.Release|Any CPU.ActiveCfg = Release|Any CPU
		{8B8390F7-9634-4CB2-8F07-9EFCAB2BF666}.Release|Any CPU.Build.0 = Release|Any CPU
	EndGlobalSection
	GlobalSection(SolutionProperties) = preSolution
		HideSolutionNode = FALSE
	EndGlobalSection
	GlobalSection(ExtensibilityGlobals) = postSolution
		SolutionGuid = {79280534-152B-480A-874F-7A43DADBE415}
	EndGlobalSection
EndGlobal
