
Microsoft Visual Studio Solution File, Format Version 12.00
# Visual Studio Version 16
VisualStudioVersion = 16.0.32106.194
MinimumVisualStudioVersion = 10.0.40219.1
Project("{FAE04EC0-301F-11D3-BF4B-00C04F79EFBC}") = "Ordenar Nomes", "Ordenar Nomes\Ordenar Nomes.csproj", "{4D861F2D-F1DE-42D0-87F1-5F4546217615}"
EndProject
Global
	GlobalSection(SolutionConfigurationPlatforms) = preSolution
		Debug|Any CPU = Debug|Any CPU
		Release|Any CPU = Release|Any CPU
	EndGlobalSection
	GlobalSection(ProjectConfigurationPlatforms) = postSolution
		{4D861F2D-F1DE-42D0-87F1-5F4546217615}.Debug|Any CPU.ActiveCfg = Debug|Any CPU
		{4D861F2D-F1DE-42D0-87F1-5F4546217615}.Debug|Any CPU.Build.0 = Debug|Any CPU
		{4D861F2D-F1DE-42D0-87F1-5F4546217615}.Release|Any CPU.ActiveCfg = Release|Any CPU
		{4D861F2D-F1DE-42D0-87F1-5F4546217615}.Release|Any CPU.Build.0 = Release|Any CPU
	EndGlobalSection
	GlobalSection(SolutionProperties) = preSolution
		HideSolutionNode = FALSE
	EndGlobalSection
	GlobalSection(ExtensibilityGlobals) = postSolution
		SolutionGuid = {6E141F11-493C-4B7A-9A68-67BE981B5A33}
	EndGlobalSection
EndGlobal
