
Microsoft Visual Studio Solution File, Format Version 12.00
# Visual Studio Version 16
VisualStudioVersion = 16.0.32106.194
MinimumVisualStudioVersion = 10.0.40219.1
Project("{FAE04EC0-301F-11D3-BF4B-00C04F79EFBC}") = "Heranca Visual", "Heranca Visual\Heranca Visual.csproj", "{C7F3265C-988F-4121-968A-150A494F970E}"
EndProject
Global
	GlobalSection(SolutionConfigurationPlatforms) = preSolution
		Debug|Any CPU = Debug|Any CPU
		Release|Any CPU = Release|Any CPU
	EndGlobalSection
	GlobalSection(ProjectConfigurationPlatforms) = postSolution
		{C7F3265C-988F-4121-968A-150A494F970E}.Debug|Any CPU.ActiveCfg = Debug|Any CPU
		{C7F3265C-988F-4121-968A-150A494F970E}.Debug|Any CPU.Build.0 = Debug|Any CPU
		{C7F3265C-988F-4121-968A-150A494F970E}.Release|Any CPU.ActiveCfg = Release|Any CPU
		{C7F3265C-988F-4121-968A-150A494F970E}.Release|Any CPU.Build.0 = Release|Any CPU
	EndGlobalSection
	GlobalSection(SolutionProperties) = preSolution
		HideSolutionNode = FALSE
	EndGlobalSection
	GlobalSection(ExtensibilityGlobals) = postSolution
		SolutionGuid = {D7BD0985-0C80-4150-BAF4-0D4A2762E6EB}
	EndGlobalSection
EndGlobal
