
Microsoft Visual Studio Solution File, Format Version 12.00
# Visual Studio Version 16
VisualStudioVersion = 16.0.31321.278
MinimumVisualStudioVersion = 10.0.40219.1
Project("{FAE04EC0-301F-11D3-BF4B-00C04F79EFBC}") = "Posicoes X e Y", "Posicoes X e Y\Posicoes X e Y.csproj", "{DE86CE83-F8A4-4B47-B5EC-2D466F0454F5}"
EndProject
Global
	GlobalSection(SolutionConfigurationPlatforms) = preSolution
		Debug|Any CPU = Debug|Any CPU
		Release|Any CPU = Release|Any CPU
	EndGlobalSection
	GlobalSection(ProjectConfigurationPlatforms) = postSolution
		{DE86CE83-F8A4-4B47-B5EC-2D466F0454F5}.Debug|Any CPU.ActiveCfg = Debug|Any CPU
		{DE86CE83-F8A4-4B47-B5EC-2D466F0454F5}.Debug|Any CPU.Build.0 = Debug|Any CPU
		{DE86CE83-F8A4-4B47-B5EC-2D466F0454F5}.Release|Any CPU.ActiveCfg = Release|Any CPU
		{DE86CE83-F8A4-4B47-B5EC-2D466F0454F5}.Release|Any CPU.Build.0 = Release|Any CPU
	EndGlobalSection
	GlobalSection(SolutionProperties) = preSolution
		HideSolutionNode = FALSE
	EndGlobalSection
	GlobalSection(ExtensibilityGlobals) = postSolution
		SolutionGuid = {CCEB6441-6D21-4B1F-A9B4-10CC369548D0}
	EndGlobalSection
EndGlobal
