
Microsoft Visual Studio Solution File, Format Version 12.00
# Visual Studio Version 16
VisualStudioVersion = 16.0.31321.278
MinimumVisualStudioVersion = 10.0.40219.1
Project("{FAE04EC0-301F-11D3-BF4B-00C04F79EFBC}") = "Serie Fibonacci", "Serie Fibonacci\Serie Fibonacci.csproj", "{725FB2D5-0E73-4FE5-8201-5A6567CE684A}"
EndProject
Global
	GlobalSection(SolutionConfigurationPlatforms) = preSolution
		Debug|Any CPU = Debug|Any CPU
		Release|Any CPU = Release|Any CPU
	EndGlobalSection
	GlobalSection(ProjectConfigurationPlatforms) = postSolution
		{725FB2D5-0E73-4FE5-8201-5A6567CE684A}.Debug|Any CPU.ActiveCfg = Debug|Any CPU
		{725FB2D5-0E73-4FE5-8201-5A6567CE684A}.Debug|Any CPU.Build.0 = Debug|Any CPU
		{725FB2D5-0E73-4FE5-8201-5A6567CE684A}.Release|Any CPU.ActiveCfg = Release|Any CPU
		{725FB2D5-0E73-4FE5-8201-5A6567CE684A}.Release|Any CPU.Build.0 = Release|Any CPU
	EndGlobalSection
	GlobalSection(SolutionProperties) = preSolution
		HideSolutionNode = FALSE
	EndGlobalSection
	GlobalSection(ExtensibilityGlobals) = postSolution
		SolutionGuid = {DEF2AF39-8818-44AF-A552-50118FD505E1}
	EndGlobalSection
EndGlobal
