
Microsoft Visual Studio Solution File, Format Version 12.00
# Visual Studio Version 16
VisualStudioVersion = 16.0.31321.278
MinimumVisualStudioVersion = 10.0.40219.1
Project("{FAE04EC0-301F-11D3-BF4B-00C04F79EFBC}") = "Mais Pares e Impares", "Mais Pares e Impares\Mais Pares e Impares.csproj", "{CA7331BD-1B9D-46B0-9A2B-79C6C5FEB7CE}"
EndProject
Global
	GlobalSection(SolutionConfigurationPlatforms) = preSolution
		Debug|Any CPU = Debug|Any CPU
		Release|Any CPU = Release|Any CPU
	EndGlobalSection
	GlobalSection(ProjectConfigurationPlatforms) = postSolution
		{CA7331BD-1B9D-46B0-9A2B-79C6C5FEB7CE}.Debug|Any CPU.ActiveCfg = Debug|Any CPU
		{CA7331BD-1B9D-46B0-9A2B-79C6C5FEB7CE}.Debug|Any CPU.Build.0 = Debug|Any CPU
		{CA7331BD-1B9D-46B0-9A2B-79C6C5FEB7CE}.Release|Any CPU.ActiveCfg = Release|Any CPU
		{CA7331BD-1B9D-46B0-9A2B-79C6C5FEB7CE}.Release|Any CPU.Build.0 = Release|Any CPU
	EndGlobalSection
	GlobalSection(SolutionProperties) = preSolution
		HideSolutionNode = FALSE
	EndGlobalSection
	GlobalSection(ExtensibilityGlobals) = postSolution
		SolutionGuid = {639B947D-DB81-4045-B34F-114F622F5BDA}
	EndGlobalSection
EndGlobal
