
Microsoft Visual Studio Solution File, Format Version 12.00
# Visual Studio Version 16
VisualStudioVersion = 16.0.31321.278
MinimumVisualStudioVersion = 10.0.40219.1
Project("{FAE04EC0-301F-11D3-BF4B-00C04F79EFBC}") = "Vetor X Mult", "Vetor X Mult\Vetor X Mult.csproj", "{7E8EB759-4BBB-486E-9682-5137CB04806E}"
EndProject
Global
	GlobalSection(SolutionConfigurationPlatforms) = preSolution
		Debug|Any CPU = Debug|Any CPU
		Release|Any CPU = Release|Any CPU
	EndGlobalSection
	GlobalSection(ProjectConfigurationPlatforms) = postSolution
		{7E8EB759-4BBB-486E-9682-5137CB04806E}.Debug|Any CPU.ActiveCfg = Debug|Any CPU
		{7E8EB759-4BBB-486E-9682-5137CB04806E}.Debug|Any CPU.Build.0 = Debug|Any CPU
		{7E8EB759-4BBB-486E-9682-5137CB04806E}.Release|Any CPU.ActiveCfg = Release|Any CPU
		{7E8EB759-4BBB-486E-9682-5137CB04806E}.Release|Any CPU.Build.0 = Release|Any CPU
	EndGlobalSection
	GlobalSection(SolutionProperties) = preSolution
		HideSolutionNode = FALSE
	EndGlobalSection
	GlobalSection(ExtensibilityGlobals) = postSolution
		SolutionGuid = {0FFDFFF4-E555-43A5-A854-AD7E031F7FDA}
	EndGlobalSection
EndGlobal
