
Microsoft Visual Studio Solution File, Format Version 12.00
# Visual Studio Version 16
VisualStudioVersion = 16.0.31321.278
MinimumVisualStudioVersion = 10.0.40219.1
Project("{FAE04EC0-301F-11D3-BF4B-00C04F79EFBC}") = "QuadradosDe10Num", "QuadradosDe10Num\QuadradosDe10Num.csproj", "{CF0FB956-4232-4C8E-9C60-2370A41FCBEE}"
EndProject
Global
	GlobalSection(SolutionConfigurationPlatforms) = preSolution
		Debug|Any CPU = Debug|Any CPU
		Release|Any CPU = Release|Any CPU
	EndGlobalSection
	GlobalSection(ProjectConfigurationPlatforms) = postSolution
		{CF0FB956-4232-4C8E-9C60-2370A41FCBEE}.Debug|Any CPU.ActiveCfg = Debug|Any CPU
		{CF0FB956-4232-4C8E-9C60-2370A41FCBEE}.Debug|Any CPU.Build.0 = Debug|Any CPU
		{CF0FB956-4232-4C8E-9C60-2370A41FCBEE}.Release|Any CPU.ActiveCfg = Release|Any CPU
		{CF0FB956-4232-4C8E-9C60-2370A41FCBEE}.Release|Any CPU.Build.0 = Release|Any CPU
	EndGlobalSection
	GlobalSection(SolutionProperties) = preSolution
		HideSolutionNode = FALSE
	EndGlobalSection
	GlobalSection(ExtensibilityGlobals) = postSolution
		SolutionGuid = {56862C2D-B42F-405F-8088-D5288D822B30}
	EndGlobalSection
EndGlobal
