
Microsoft Visual Studio Solution File, Format Version 12.00
# Visual Studio Version 16
VisualStudioVersion = 16.0.31321.278
MinimumVisualStudioVersion = 10.0.40219.1
Project("{FAE04EC0-301F-11D3-BF4B-00C04F79EFBC}") = "Primeiro Projeto Visual", "Primeiro Projeto Visual\Primeiro Projeto Visual.csproj", "{3058A985-9C3D-466E-9E5B-3625487C7233}"
EndProject
Global
	GlobalSection(SolutionConfigurationPlatforms) = preSolution
		Debug|Any CPU = Debug|Any CPU
		Release|Any CPU = Release|Any CPU
	EndGlobalSection
	GlobalSection(ProjectConfigurationPlatforms) = postSolution
		{3058A985-9C3D-466E-9E5B-3625487C7233}.Debug|Any CPU.ActiveCfg = Debug|Any CPU
		{3058A985-9C3D-466E-9E5B-3625487C7233}.Debug|Any CPU.Build.0 = Debug|Any CPU
		{3058A985-9C3D-466E-9E5B-3625487C7233}.Release|Any CPU.ActiveCfg = Release|Any CPU
		{3058A985-9C3D-466E-9E5B-3625487C7233}.Release|Any CPU.Build.0 = Release|Any CPU
	EndGlobalSection
	GlobalSection(SolutionProperties) = preSolution
		HideSolutionNode = FALSE
	EndGlobalSection
	GlobalSection(ExtensibilityGlobals) = postSolution
		SolutionGuid = {0CAD8910-7113-43A1-9A6A-61BB01B870EA}
	EndGlobalSection
EndGlobal
