
Microsoft Visual Studio Solution File, Format Version 12.00
# Visual Studio Version 16
VisualStudioVersion = 16.0.32106.194
MinimumVisualStudioVersion = 10.0.40219.1
Project("{FAE04EC0-301F-11D3-BF4B-00C04F79EFBC}") = "model_binding_mvc", "model_binding_mvc\model_binding_mvc.csproj", "{DF73BD96-F89A-4CB3-9DE4-C2FDD5030F50}"
EndProject
Global
	GlobalSection(SolutionConfigurationPlatforms) = preSolution
		Debug|Any CPU = Debug|Any CPU
		Release|Any CPU = Release|Any CPU
	EndGlobalSection
	GlobalSection(ProjectConfigurationPlatforms) = postSolution
		{DF73BD96-F89A-4CB3-9DE4-C2FDD5030F50}.Debug|Any CPU.ActiveCfg = Debug|Any CPU
		{DF73BD96-F89A-4CB3-9DE4-C2FDD5030F50}.Debug|Any CPU.Build.0 = Debug|Any CPU
		{DF73BD96-F89A-4CB3-9DE4-C2FDD5030F50}.Release|Any CPU.ActiveCfg = Release|Any CPU
		{DF73BD96-F89A-4CB3-9DE4-C2FDD5030F50}.Release|Any CPU.Build.0 = Release|Any CPU
	EndGlobalSection
	GlobalSection(SolutionProperties) = preSolution
		HideSolutionNode = FALSE
	EndGlobalSection
	GlobalSection(ExtensibilityGlobals) = postSolution
		SolutionGuid = {7B6E2338-0F7A-4176-9EA8-1E155FD6D4BC}
	EndGlobalSection
EndGlobal
