
Microsoft Visual Studio Solution File, Format Version 12.00
# Visual Studio Version 16
VisualStudioVersion = 16.0.32106.194
MinimumVisualStudioVersion = 10.0.40219.1
Project("{FAE04EC0-301F-11D3-BF4B-00C04F79EFBC}") = "Movimenta Teclas", "Movimenta Teclas\Movimenta Teclas.csproj", "{37BFD04E-293D-43BB-B59C-DFE6F65517A3}"
EndProject
Global
	GlobalSection(SolutionConfigurationPlatforms) = preSolution
		Debug|Any CPU = Debug|Any CPU
		Release|Any CPU = Release|Any CPU
	EndGlobalSection
	GlobalSection(ProjectConfigurationPlatforms) = postSolution
		{37BFD04E-293D-43BB-B59C-DFE6F65517A3}.Debug|Any CPU.ActiveCfg = Debug|Any CPU
		{37BFD04E-293D-43BB-B59C-DFE6F65517A3}.Debug|Any CPU.Build.0 = Debug|Any CPU
		{37BFD04E-293D-43BB-B59C-DFE6F65517A3}.Release|Any CPU.ActiveCfg = Release|Any CPU
		{37BFD04E-293D-43BB-B59C-DFE6F65517A3}.Release|Any CPU.Build.0 = Release|Any CPU
	EndGlobalSection
	GlobalSection(SolutionProperties) = preSolution
		HideSolutionNode = FALSE
	EndGlobalSection
	GlobalSection(ExtensibilityGlobals) = postSolution
		SolutionGuid = {AE0E0479-8F2E-4555-85E8-D61C49A9AF5D}
	EndGlobalSection
EndGlobal
