
Microsoft Visual Studio Solution File, Format Version 12.00
# Visual Studio Version 16
VisualStudioVersion = 16.0.31321.278
MinimumVisualStudioVersion = 10.0.40219.1
Project("{FAE04EC0-301F-11D3-BF4B-00C04F79EFBC}") = "Engradados", "Engradados\Engradados.csproj", "{C1FA149B-5723-4877-82AB-D5D927BFF44E}"
EndProject
Global
	GlobalSection(SolutionConfigurationPlatforms) = preSolution
		Debug|Any CPU = Debug|Any CPU
		Release|Any CPU = Release|Any CPU
	EndGlobalSection
	GlobalSection(ProjectConfigurationPlatforms) = postSolution
		{C1FA149B-5723-4877-82AB-D5D927BFF44E}.Debug|Any CPU.ActiveCfg = Debug|Any CPU
		{C1FA149B-5723-4877-82AB-D5D927BFF44E}.Debug|Any CPU.Build.0 = Debug|Any CPU
		{C1FA149B-5723-4877-82AB-D5D927BFF44E}.Release|Any CPU.ActiveCfg = Release|Any CPU
		{C1FA149B-5723-4877-82AB-D5D927BFF44E}.Release|Any CPU.Build.0 = Release|Any CPU
	EndGlobalSection
	GlobalSection(SolutionProperties) = preSolution
		HideSolutionNode = FALSE
	EndGlobalSection
	GlobalSection(ExtensibilityGlobals) = postSolution
		SolutionGuid = {F4F6D6C7-CC06-4EF1-818C-153832EC1587}
	EndGlobalSection
EndGlobal
