
Microsoft Visual Studio Solution File, Format Version 12.00
# Visual Studio Version 16
VisualStudioVersion = 16.0.31321.278
MinimumVisualStudioVersion = 10.0.40219.1
Project("{FAE04EC0-301F-11D3-BF4B-00C04F79EFBC}") = "Prestacao", "Prestacao\Prestacao.csproj", "{C76715F6-C488-4F12-8F6A-C3F67C15F89A}"
EndProject
Global
	GlobalSection(SolutionConfigurationPlatforms) = preSolution
		Debug|Any CPU = Debug|Any CPU
		Release|Any CPU = Release|Any CPU
	EndGlobalSection
	GlobalSection(ProjectConfigurationPlatforms) = postSolution
		{C76715F6-C488-4F12-8F6A-C3F67C15F89A}.Debug|Any CPU.ActiveCfg = Debug|Any CPU
		{C76715F6-C488-4F12-8F6A-C3F67C15F89A}.Debug|Any CPU.Build.0 = Debug|Any CPU
		{C76715F6-C488-4F12-8F6A-C3F67C15F89A}.Release|Any CPU.ActiveCfg = Release|Any CPU
		{C76715F6-C488-4F12-8F6A-C3F67C15F89A}.Release|Any CPU.Build.0 = Release|Any CPU
	EndGlobalSection
	GlobalSection(SolutionProperties) = preSolution
		HideSolutionNode = FALSE
	EndGlobalSection
	GlobalSection(ExtensibilityGlobals) = postSolution
		SolutionGuid = {B8007841-8FA7-4BA4-A6A3-05F143B52344}
	EndGlobalSection
EndGlobal
