
Microsoft Visual Studio Solution File, Format Version 12.00
# Visual Studio Version 16
VisualStudioVersion = 16.0.31321.278
MinimumVisualStudioVersion = 10.0.40219.1
Project("{FAE04EC0-301F-11D3-BF4B-00C04F79EFBC}") = "Produto e Soma", "Produto e Soma\Produto e Soma.csproj", "{15067691-D035-4E18-8E38-7A2488EBC299}"
EndProject
Global
	GlobalSection(SolutionConfigurationPlatforms) = preSolution
		Debug|Any CPU = Debug|Any CPU
		Release|Any CPU = Release|Any CPU
	EndGlobalSection
	GlobalSection(ProjectConfigurationPlatforms) = postSolution
		{15067691-D035-4E18-8E38-7A2488EBC299}.Debug|Any CPU.ActiveCfg = Debug|Any CPU
		{15067691-D035-4E18-8E38-7A2488EBC299}.Debug|Any CPU.Build.0 = Debug|Any CPU
		{15067691-D035-4E18-8E38-7A2488EBC299}.Release|Any CPU.ActiveCfg = Release|Any CPU
		{15067691-D035-4E18-8E38-7A2488EBC299}.Release|Any CPU.Build.0 = Release|Any CPU
	EndGlobalSection
	GlobalSection(SolutionProperties) = preSolution
		HideSolutionNode = FALSE
	EndGlobalSection
	GlobalSection(ExtensibilityGlobals) = postSolution
		SolutionGuid = {6737EECC-8CEA-4E6F-9F01-441EF8A75B28}
	EndGlobalSection
EndGlobal
