
Microsoft Visual Studio Solution File, Format Version 12.00
# Visual Studio Version 16
VisualStudioVersion = 16.0.31321.278
MinimumVisualStudioVersion = 10.0.40219.1
Project("{FAE04EC0-301F-11D3-BF4B-00C04F79EFBC}") = "Reserva De Passagens", "Reserva De Passagens\Reserva De Passagens.csproj", "{0AD4C1EF-416D-427D-810D-E5900F55AF85}"
EndProject
Global
	GlobalSection(SolutionConfigurationPlatforms) = preSolution
		Debug|Any CPU = Debug|Any CPU
		Release|Any CPU = Release|Any CPU
	EndGlobalSection
	GlobalSection(ProjectConfigurationPlatforms) = postSolution
		{0AD4C1EF-416D-427D-810D-E5900F55AF85}.Debug|Any CPU.ActiveCfg = Debug|Any CPU
		{0AD4C1EF-416D-427D-810D-E5900F55AF85}.Debug|Any CPU.Build.0 = Debug|Any CPU
		{0AD4C1EF-416D-427D-810D-E5900F55AF85}.Release|Any CPU.ActiveCfg = Release|Any CPU
		{0AD4C1EF-416D-427D-810D-E5900F55AF85}.Release|Any CPU.Build.0 = Release|Any CPU
	EndGlobalSection
	GlobalSection(SolutionProperties) = preSolution
		HideSolutionNode = FALSE
	EndGlobalSection
	GlobalSection(ExtensibilityGlobals) = postSolution
		SolutionGuid = {E642B141-3738-49B8-845E-756F5F67F914}
	EndGlobalSection
EndGlobal
