
Microsoft Visual Studio Solution File, Format Version 12.00
# Visual Studio Version 16
VisualStudioVersion = 16.0.32106.194
MinimumVisualStudioVersion = 10.0.40219.1
Project("{FAE04EC0-301F-11D3-BF4B-00C04F79EFBC}") = "POO String", "POO String\POO String.csproj", "{D043FB74-2D58-4B2E-8B7A-5476CC05EFEA}"
EndProject
Global
	GlobalSection(SolutionConfigurationPlatforms) = preSolution
		Debug|Any CPU = Debug|Any CPU
		Release|Any CPU = Release|Any CPU
	EndGlobalSection
	GlobalSection(ProjectConfigurationPlatforms) = postSolution
		{D043FB74-2D58-4B2E-8B7A-5476CC05EFEA}.Debug|Any CPU.ActiveCfg = Debug|Any CPU
		{D043FB74-2D58-4B2E-8B7A-5476CC05EFEA}.Debug|Any CPU.Build.0 = Debug|Any CPU
		{D043FB74-2D58-4B2E-8B7A-5476CC05EFEA}.Release|Any CPU.ActiveCfg = Release|Any CPU
		{D043FB74-2D58-4B2E-8B7A-5476CC05EFEA}.Release|Any CPU.Build.0 = Release|Any CPU
	EndGlobalSection
	GlobalSection(SolutionProperties) = preSolution
		HideSolutionNode = FALSE
	EndGlobalSection
	GlobalSection(ExtensibilityGlobals) = postSolution
		SolutionGuid = {3C790C91-4AB6-446F-964C-0B48B243F825}
	EndGlobalSection
EndGlobal
