
Microsoft Visual Studio Solution File, Format Version 12.00
# Visual Studio Version 16
VisualStudioVersion = 16.0.31911.196
MinimumVisualStudioVersion = 10.0.40219.1
Project("{FAE04EC0-301F-11D3-BF4B-00C04F79EFBC}") = "Matriz Com Regra De Negocio", "Matriz Com Regra De Negocio\Matriz Com Regra De Negocio.csproj", "{AB1326C5-93B1-4043-BA71-8F84D9EC85F7}"
EndProject
Global
	GlobalSection(SolutionConfigurationPlatforms) = preSolution
		Debug|Any CPU = Debug|Any CPU
		Release|Any CPU = Release|Any CPU
	EndGlobalSection
	GlobalSection(ProjectConfigurationPlatforms) = postSolution
		{AB1326C5-93B1-4043-BA71-8F84D9EC85F7}.Debug|Any CPU.ActiveCfg = Debug|Any CPU
		{AB1326C5-93B1-4043-BA71-8F84D9EC85F7}.Debug|Any CPU.Build.0 = Debug|Any CPU
		{AB1326C5-93B1-4043-BA71-8F84D9EC85F7}.Release|Any CPU.ActiveCfg = Release|Any CPU
		{AB1326C5-93B1-4043-BA71-8F84D9EC85F7}.Release|Any CPU.Build.0 = Release|Any CPU
	EndGlobalSection
	GlobalSection(SolutionProperties) = preSolution
		HideSolutionNode = FALSE
	EndGlobalSection
	GlobalSection(ExtensibilityGlobals) = postSolution
		SolutionGuid = {39E0BC89-0F1D-496E-B1A8-630ECAF2EA7E}
	EndGlobalSection
EndGlobal
