
Microsoft Visual Studio Solution File, Format Version 12.00
# Visual Studio Version 16
VisualStudioVersion = 16.0.31321.278
MinimumVisualStudioVersion = 10.0.40219.1
Project("{FAE04EC0-301F-11D3-BF4B-00C04F79EFBC}") = "Quantidade Negativos e Positivos", "Quantidade Negativos e Positivos\Quantidade Negativos e Positivos.csproj", "{29978313-5DEA-4B39-B99B-F658D4554215}"
EndProject
Global
	GlobalSection(SolutionConfigurationPlatforms) = preSolution
		Debug|Any CPU = Debug|Any CPU
		Release|Any CPU = Release|Any CPU
	EndGlobalSection
	GlobalSection(ProjectConfigurationPlatforms) = postSolution
		{29978313-5DEA-4B39-B99B-F658D4554215}.Debug|Any CPU.ActiveCfg = Debug|Any CPU
		{29978313-5DEA-4B39-B99B-F658D4554215}.Debug|Any CPU.Build.0 = Debug|Any CPU
		{29978313-5DEA-4B39-B99B-F658D4554215}.Release|Any CPU.ActiveCfg = Release|Any CPU
		{29978313-5DEA-4B39-B99B-F658D4554215}.Release|Any CPU.Build.0 = Release|Any CPU
	EndGlobalSection
	GlobalSection(SolutionProperties) = preSolution
		HideSolutionNode = FALSE
	EndGlobalSection
	GlobalSection(ExtensibilityGlobals) = postSolution
		SolutionGuid = {FCBBBAEA-9DED-4EF7-A66B-27C2F65F387A}
	EndGlobalSection
EndGlobal
