
Microsoft Visual Studio Solution File, Format Version 12.00
# Visual Studio Version 16
VisualStudioVersion = 16.0.31321.278
MinimumVisualStudioVersion = 10.0.40219.1
Project("{FAE04EC0-301F-11D3-BF4B-00C04F79EFBC}") = "CordenadaXY", "CordenadaXY\CordenadaXY.csproj", "{6E3CA7C6-7753-4ABE-B178-D48E295DDB05}"
EndProject
Global
	GlobalSection(SolutionConfigurationPlatforms) = preSolution
		Debug|Any CPU = Debug|Any CPU
		Release|Any CPU = Release|Any CPU
	EndGlobalSection
	GlobalSection(ProjectConfigurationPlatforms) = postSolution
		{6E3CA7C6-7753-4ABE-B178-D48E295DDB05}.Debug|Any CPU.ActiveCfg = Debug|Any CPU
		{6E3CA7C6-7753-4ABE-B178-D48E295DDB05}.Debug|Any CPU.Build.0 = Debug|Any CPU
		{6E3CA7C6-7753-4ABE-B178-D48E295DDB05}.Release|Any CPU.ActiveCfg = Release|Any CPU
		{6E3CA7C6-7753-4ABE-B178-D48E295DDB05}.Release|Any CPU.Build.0 = Release|Any CPU
	EndGlobalSection
	GlobalSection(SolutionProperties) = preSolution
		HideSolutionNode = FALSE
	EndGlobalSection
	GlobalSection(ExtensibilityGlobals) = postSolution
		SolutionGuid = {202B0034-811C-4FAC-82F3-3F57F827361B}
	EndGlobalSection
EndGlobal
