
Microsoft Visual Studio Solution File, Format Version 12.00
# Visual Studio Version 16
VisualStudioVersion = 16.0.31321.278
MinimumVisualStudioVersion = 10.0.40219.1
Project("{FAE04EC0-301F-11D3-BF4B-00C04F79EFBC}") = "Quantidade de Numeros Primos", "Quantidade de Numeros Primos\Quantidade de Numeros Primos.csproj", "{56288B7F-D122-4469-BE4C-9B7D1A5E3C24}"
EndProject
Global
	GlobalSection(SolutionConfigurationPlatforms) = preSolution
		Debug|Any CPU = Debug|Any CPU
		Release|Any CPU = Release|Any CPU
	EndGlobalSection
	GlobalSection(ProjectConfigurationPlatforms) = postSolution
		{56288B7F-D122-4469-BE4C-9B7D1A5E3C24}.Debug|Any CPU.ActiveCfg = Debug|Any CPU
		{56288B7F-D122-4469-BE4C-9B7D1A5E3C24}.Debug|Any CPU.Build.0 = Debug|Any CPU
		{56288B7F-D122-4469-BE4C-9B7D1A5E3C24}.Release|Any CPU.ActiveCfg = Release|Any CPU
		{56288B7F-D122-4469-BE4C-9B7D1A5E3C24}.Release|Any CPU.Build.0 = Release|Any CPU
	EndGlobalSection
	GlobalSection(SolutionProperties) = preSolution
		HideSolutionNode = FALSE
	EndGlobalSection
	GlobalSection(ExtensibilityGlobals) = postSolution
		SolutionGuid = {5D9448DE-B20F-4CCC-8545-5B9B592F1115}
	EndGlobalSection
EndGlobal
