
Microsoft Visual Studio Solution File, Format Version 12.00
# Visual Studio Version 16
VisualStudioVersion = 16.0.31321.278
MinimumVisualStudioVersion = 10.0.40219.1
Project("{FAE04EC0-301F-11D3-BF4B-00C04F79EFBC}") = "IdadeDias", "IdadeDias\IdadeDias.csproj", "{9C63E00D-A79F-4155-8964-036F86F31199}"
EndProject
Global
	GlobalSection(SolutionConfigurationPlatforms) = preSolution
		Debug|Any CPU = Debug|Any CPU
		Release|Any CPU = Release|Any CPU
	EndGlobalSection
	GlobalSection(ProjectConfigurationPlatforms) = postSolution
		{9C63E00D-A79F-4155-8964-036F86F31199}.Debug|Any CPU.ActiveCfg = Debug|Any CPU
		{9C63E00D-A79F-4155-8964-036F86F31199}.Debug|Any CPU.Build.0 = Debug|Any CPU
		{9C63E00D-A79F-4155-8964-036F86F31199}.Release|Any CPU.ActiveCfg = Release|Any CPU
		{9C63E00D-A79F-4155-8964-036F86F31199}.Release|Any CPU.Build.0 = Release|Any CPU
	EndGlobalSection
	GlobalSection(SolutionProperties) = preSolution
		HideSolutionNode = FALSE
	EndGlobalSection
	GlobalSection(ExtensibilityGlobals) = postSolution
		SolutionGuid = {384DD0D4-3F6D-41E9-AC09-47950B6F0265}
	EndGlobalSection
EndGlobal
