
Microsoft Visual Studio Solution File, Format Version 12.00
# Visual Studio Version 16
VisualStudioVersion = 16.0.31911.196
MinimumVisualStudioVersion = 10.0.40219.1
Project("{FAE04EC0-301F-11D3-BF4B-00C04F79EFBC}") = "Matriz Localizacao Maior Valor", "Matriz Localizacao Maior Valor\Matriz Localizacao Maior Valor.csproj", "{6473B13D-7D9F-47E6-86FA-CACFAAE5946E}"
EndProject
Global
	GlobalSection(SolutionConfigurationPlatforms) = preSolution
		Debug|Any CPU = Debug|Any CPU
		Release|Any CPU = Release|Any CPU
	EndGlobalSection
	GlobalSection(ProjectConfigurationPlatforms) = postSolution
		{6473B13D-7D9F-47E6-86FA-CACFAAE5946E}.Debug|Any CPU.ActiveCfg = Debug|Any CPU
		{6473B13D-7D9F-47E6-86FA-CACFAAE5946E}.Debug|Any CPU.Build.0 = Debug|Any CPU
		{6473B13D-7D9F-47E6-86FA-CACFAAE5946E}.Release|Any CPU.ActiveCfg = Release|Any CPU
		{6473B13D-7D9F-47E6-86FA-CACFAAE5946E}.Release|Any CPU.Build.0 = Release|Any CPU
	EndGlobalSection
	GlobalSection(SolutionProperties) = preSolution
		HideSolutionNode = FALSE
	EndGlobalSection
	GlobalSection(ExtensibilityGlobals) = postSolution
		SolutionGuid = {974D8366-7EE2-4CD1-AB5B-834984A165B2}
	EndGlobalSection
EndGlobal
