
Microsoft Visual Studio Solution File, Format Version 12.00
# Visual Studio Version 16
VisualStudioVersion = 16.0.31911.196
MinimumVisualStudioVersion = 10.0.40219.1
Project("{FAE04EC0-301F-11D3-BF4B-00C04F79EFBC}") = "Matriz Transposta", "Matriz Transposta\Matriz Transposta.csproj", "{23C539AC-2670-414D-A970-3096C1E9B90A}"
EndProject
Global
	GlobalSection(SolutionConfigurationPlatforms) = preSolution
		Debug|Any CPU = Debug|Any CPU
		Release|Any CPU = Release|Any CPU
	EndGlobalSection
	GlobalSection(ProjectConfigurationPlatforms) = postSolution
		{23C539AC-2670-414D-A970-3096C1E9B90A}.Debug|Any CPU.ActiveCfg = Debug|Any CPU
		{23C539AC-2670-414D-A970-3096C1E9B90A}.Debug|Any CPU.Build.0 = Debug|Any CPU
		{23C539AC-2670-414D-A970-3096C1E9B90A}.Release|Any CPU.ActiveCfg = Release|Any CPU
		{23C539AC-2670-414D-A970-3096C1E9B90A}.Release|Any CPU.Build.0 = Release|Any CPU
	EndGlobalSection
	GlobalSection(SolutionProperties) = preSolution
		HideSolutionNode = FALSE
	EndGlobalSection
	GlobalSection(ExtensibilityGlobals) = postSolution
		SolutionGuid = {AABE0D9D-C083-41D5-87B2-7BA4F8FE9F06}
	EndGlobalSection
EndGlobal
